
Microsoft Visual Studio Solution File, Format Version 12.00
# Visual Studio Version 17
VisualStudioVersion = 17.5.33516.290
MinimumVisualStudioVersion = 10.0.40219.1
Project("{FAE04EC0-301F-11D3-BF4B-00C04F79EFBC}") = "MeowMSSQLkit", "MeowMSSQLkit.csproj", "{FE6D9901-E1AD-4AA4-89E4-3FA2205A659C}"
EndProject
Global
	GlobalSection(SolutionConfigurationPlatforms) = preSolution
		Debug|Any CPU = Debug|Any CPU
		Debug|x64 = Debug|x64
		Release|Any CPU = Release|Any CPU
		Release|x64 = Release|x64
	EndGlobalSection
	GlobalSection(ProjectConfigurationPlatforms) = postSolution
		{FE6D9901-E1AD-4AA4-89E4-3FA2205A659C}.Debug|Any CPU.ActiveCfg = Debug|Any CPU
		{FE6D9901-E1AD-4AA4-89E4-3FA2205A659C}.Debug|Any CPU.Build.0 = Debug|Any CPU
		{FE6D9901-E1AD-4AA4-89E4-3FA2205A659C}.Debug|x64.ActiveCfg = Debug|x64
		{FE6D9901-E1AD-4AA4-89E4-3FA2205A659C}.Debug|x64.Build.0 = Debug|x64
		{FE6D9901-E1AD-4AA4-89E4-3FA2205A659C}.Release|Any CPU.ActiveCfg = Release|Any CPU
		{FE6D9901-E1AD-4AA4-89E4-3FA2205A659C}.Release|Any CPU.Build.0 = Release|Any CPU
		{FE6D9901-E1AD-4AA4-89E4-3FA2205A659C}.Release|x64.ActiveCfg = Release|x64
		{FE6D9901-E1AD-4AA4-89E4-3FA2205A659C}.Release|x64.Build.0 = Release|x64
	EndGlobalSection
	GlobalSection(SolutionProperties) = preSolution
		HideSolutionNode = FALSE
	EndGlobalSection
	GlobalSection(ExtensibilityGlobals) = postSolution
		SolutionGuid = {9EFCC271-CE2A-45C8-8E01-6B4E0308090C}
	EndGlobalSection
EndGlobal
